<?xml version="1.0" encoding="utf-8"?>
<Project ToolsVersion="4.0" xmlns="http://schemas.microsoft.com/developer/msbuild/2003">
  <ItemGroup>
    <ClCompile Include="Campaign.cpp" />
    <ClCompile Include="CampaignEditor.cpp" />
    <ClCompile Include="Character.cpp" />
    <ClCompile Include="CharacterEditor.cpp" />
    <ClCompile Include="CharacterObserver.cpp" />
    <ClCompile Include="Dice.cpp" />
    <ClCompile Include="Enhancement.cpp" />
    <ClCompile Include="Fighter.cpp" />
    <ClCompile Include="GameMain.cpp" />
    <ClCompile Include="Item.cpp" />
    <ClCompile Include="ItemContainer.cpp" />
    <ClCompile Include="Map.cpp" />
    <ClCompile Include="MapBuilder.cpp" />
    <ClCompile Include="MapCreator.cpp" />
    <ClCompile Include="MapEditor.cpp" />
    <ClCompile Include="MapObject.cpp" />
    <ClCompile Include="MapUI.cpp" />
    <ClCompile Include="Observable.cpp" />
    <ClCompile Include="Observer.cpp" />
    <ClCompile Include="Subject.cpp" />
    <ClCompile Include="Inventory.cpp" />
    <ClCompile Include="Backpack.cpp" />
    <ClCompile Include="ItemUI.cpp" />
    <ClCompile Include="ItemBuilder.cpp" />
    <ClCompile Include="CharacterStrategy.cpp" />
    <ClCompile Include="HumanPlayerStrategy.cpp" />
    <ClCompile Include="AggressorStrategy.cpp" />
  </ItemGroup>
  <ItemGroup>
    <ClInclude Include="Campaign.h" />
    <ClInclude Include="CampaignEditor.h" />
    <ClInclude Include="Character.h" />
    <ClInclude Include="CharacterObserver.h" />
    <ClInclude Include="CharacterEditor.h" />
    <ClInclude Include="Dice.h" />
    <ClInclude Include="Enhancement.h" />
    <ClInclude Include="Item.h" />
    <ClInclude Include="ItemContainer.h" />
    <ClInclude Include="Map.h" />
    <ClInclude Include="MapBuilder.h" />
    <ClInclude Include="MapCreator.h" />
    <ClInclude Include="MapEditor.h" />
    <ClInclude Include="MapObject.h" />
    <ClInclude Include="MapUI.h" />
    <ClInclude Include="Observable.h" />
    <ClInclude Include="Observer.h" />
    <ClInclude Include="Subject.h" />
    <ClInclude Include="Inventory.h" />
    <ClInclude Include="Backpack.h" />
    <ClInclude Include="ItemUI.h" />
    <ClInclude Include="ItemBuilder.h" />
    <ClInclude Include="CharacterStrategy.h" />
    <ClInclude Include="HumanPlayerStrategy.h" />
    <ClInclude Include="AggressorStrategy.h" />
  </ItemGroup>
</Project>