<?xml version="1.0" encoding="utf-8"?>
<Project ToolsVersion="4.0" xmlns="http://schemas.microsoft.com/developer/msbuild/2003">
  <ItemGroup>
    <ClCompile Include="Backpack.cpp">
      <Filter>Source Files</Filter>
    </ClCompile>
    <ClCompile Include="Campaign.cpp">
      <Filter>Source Files</Filter>
    </ClCompile>
    <ClCompile Include="CampaignEditor.cpp">
      <Filter>Source Files</Filter>
    </ClCompile>
    <ClCompile Include="Character.cpp">
      <Filter>Source Files</Filter>
    </ClCompile>
    <ClCompile Include="CharacterEditor.cpp">
      <Filter>Source Files</Filter>
    </ClCompile>
    <ClCompile Include="CharacterObserver.cpp">
      <Filter>Source Files</Filter>
    </ClCompile>
    <ClCompile Include="Dice.cpp">
      <Filter>Source Files</Filter>
    </ClCompile>
    <ClCompile Include="Enhancement.cpp">
      <Filter>Source Files</Filter>
    </ClCompile>
    <ClCompile Include="Fighter.cpp">
      <Filter>Source Files</Filter>
    </ClCompile>
    <ClCompile Include="GameMain.cpp">
      <Filter>Source Files</Filter>
    </ClCompile>
    <ClCompile Include="Inventory.cpp">
      <Filter>Source Files</Filter>
    </ClCompile>
    <ClCompile Include="Item.cpp">
      <Filter>Source Files</Filter>
    </ClCompile>
    <ClCompile Include="ItemBuilder.cpp">
      <Filter>Source Files</Filter>
    </ClCompile>
    <ClCompile Include="ItemContainer.cpp">
      <Filter>Source Files</Filter>
    </ClCompile>
    <ClCompile Include="ItemUI.cpp">
      <Filter>Source Files</Filter>
    </ClCompile>
    <ClCompile Include="Map.cpp">
      <Filter>Source Files</Filter>
    </ClCompile>
    <ClCompile Include="MapBuilder.cpp">
      <Filter>Source Files</Filter>
    </ClCompile>
    <ClCompile Include="MapCreator.cpp">
      <Filter>Source Files</Filter>
    </ClCompile>
    <ClCompile Include="MapEditor.cpp">
      <Filter>Source Files</Filter>
    </ClCompile>
    <ClCompile Include="MapObject.cpp">
      <Filter>Source Files</Filter>
    </ClCompile>
    <ClCompile Include="MapUI.cpp">
      <Filter>Source Files</Filter>
    </ClCompile>
    <ClCompile Include="Observable.cpp">
      <Filter>Source Files</Filter>
    </ClCompile>
    <ClCompile Include="Observer.cpp">
      <Filter>Source Files</Filter>
    </ClCompile>
    <ClCompile Include="GameLogger.cpp">
      <Filter>Source Files</Filter>
    </ClCompile>
    <ClCompile Include="Logger.cpp">
      <Filter>Source Files</Filter>
    </ClCompile>
    <ClCompile Include="Loggable.cpp">
      <Filter>Source Files</Filter>
    </ClCompile>
  </ItemGroup>
  <ItemGroup>
    <ClInclude Include="Backpack.h">
      <Filter>Headers</Filter>
    </ClInclude>
    <ClInclude Include="Campaign.h">
      <Filter>Headers</Filter>
    </ClInclude>
    <ClInclude Include="CampaignEditor.h">
      <Filter>Headers</Filter>
    </ClInclude>
    <ClInclude Include="Character.h">
      <Filter>Headers</Filter>
    </ClInclude>
    <ClInclude Include="CharacterEditor.h">
      <Filter>Headers</Filter>
    </ClInclude>
    <ClInclude Include="CharacterObserver.h">
      <Filter>Headers</Filter>
    </ClInclude>
    <ClInclude Include="Dice.h">
      <Filter>Headers</Filter>
    </ClInclude>
    <ClInclude Include="Enhancement.h">
      <Filter>Headers</Filter>
    </ClInclude>
    <ClInclude Include="Inventory.h">
      <Filter>Headers</Filter>
    </ClInclude>
    <ClInclude Include="Item.h">
      <Filter>Headers</Filter>
    </ClInclude>
    <ClInclude Include="ItemBuilder.h">
      <Filter>Headers</Filter>
    </ClInclude>
    <ClInclude Include="ItemContainer.h">
      <Filter>Headers</Filter>
    </ClInclude>
    <ClInclude Include="ItemUI.h">
      <Filter>Headers</Filter>
    </ClInclude>
    <ClInclude Include="Map.h">
      <Filter>Headers</Filter>
    </ClInclude>
    <ClInclude Include="MapBuilder.h">
      <Filter>Headers</Filter>
    </ClInclude>
    <ClInclude Include="MapCreator.h">
      <Filter>Headers</Filter>
    </ClInclude>
    <ClInclude Include="MapEditor.h">
      <Filter>Headers</Filter>
    </ClInclude>
    <ClInclude Include="MapObject.h">
      <Filter>Headers</Filter>
    </ClInclude>
    <ClInclude Include="MapUI.h">
      <Filter>Headers</Filter>
    </ClInclude>
    <ClInclude Include="Observable.h">
      <Filter>Headers</Filter>
    </ClInclude>
    <ClInclude Include="Observer.h">
      <Filter>Headers</Filter>
    </ClInclude>
    <ClInclude Include="GameLogger.h">
      <Filter>Headers</Filter>
    </ClInclude>
    <ClInclude Include="Logger.h">
      <Filter>Headers</Filter>
    </ClInclude>
    <ClInclude Include="Loggable.h">
      <Filter>Headers</Filter>
    </ClInclude>
  </ItemGroup>
  <ItemGroup>
    <Filter Include="Headers">
      <UniqueIdentifier>{ebd23aba-7e8c-492a-a4e6-44190cf8c851}</UniqueIdentifier>
    </Filter>
    <Filter Include="Source Files">
      <UniqueIdentifier>{7eaa3714-6eab-429b-a997-42cd85af50d2}</UniqueIdentifier>
    </Filter>
  </ItemGroup>
</Project>